{
  "name": "ckb-wallet",
  "version": "1.0.0",
  "lockfileVersion": 1,
  "requires": true,
  "dependencies": {
    "@nervosnetwork/ckb-sdk-address": {
      "version": "0.14.0",
      "resolved": "https://registry.npm.taobao.org/@nervosnetwork/ckb-sdk-address/download/@nervosnetwork/ckb-sdk-address-0.14.0.tgz",
      "integrity": "sha1-mjixz+1NNpQvDcAVmOigNa9DeRU=",
      "requires": {
        "@nervosnetwork/ckb-sdk-utils": "0.14.0",
        "@nervosnetwork/ckb-types": "0.14.0"
      }
    },
    "@nervosnetwork/ckb-sdk-core": {
      "version": "0.14.0",
      "resolved": "https://registry.npm.taobao.org/@nervosnetwork/ckb-sdk-core/download/@nervosnetwork/ckb-sdk-core-0.14.0.tgz",
      "integrity": "sha1-JfUMFEq9HR+DmAeUa8hi1ZSJgWU=",
      "requires": {
        "@nervosnetwork/ckb-sdk-address": "0.14.0",
        "@nervosnetwork/ckb-sdk-rpc": "0.14.0",
        "@nervosnetwork/ckb-sdk-utils": "0.14.0",
        "@nervosnetwork/ckb-types": "0.14.0"
      }
    },
    "@nervosnetwork/ckb-sdk-rpc": {
      "version": "0.14.0",
      "resolved": "https://registry.npm.taobao.org/@nervosnetwork/ckb-sdk-rpc/download/@nervosnetwork/ckb-sdk-rpc-0.14.0.tgz",
      "integrity": "sha1-Hz4AsvuMXz4G0EdjocVTnvBU5Zw=",
      "requires": {
        "@nervosnetwork/ckb-sdk-utils": "0.14.0",
        "axios": "0.19.0"
      }
    },
    "@nervosnetwork/ckb-sdk-utils": {
      "version": "0.14.0",
      "resolved": "https://registry.npm.taobao.org/@nervosnetwork/ckb-sdk-utils/download/@nervosnetwork/ckb-sdk-utils-0.14.0.tgz",
      "integrity": "sha1-aYfCTm5E1KNEuI0QHECy6eJIT5s=",
      "requires": {
        "@nervosnetwork/ckb-types": "0.14.0",
        "blake2b-wasm": "1.1.7",
        "elliptic": "6.4.1"
      }
    },
    "@nervosnetwork/ckb-types": {
      "version": "0.14.0",
      "resolved": "https://registry.npm.taobao.org/@nervosnetwork/ckb-types/download/@nervosnetwork/ckb-types-0.14.0.tgz",
      "integrity": "sha1-PVzNvS0noeKFEoAnRR/OS79uM0o="
    },
    "axios": {
      "version": "0.19.0",
      "resolved": "https://registry.npm.taobao.org/axios/download/axios-0.19.0.tgz",
      "integrity": "sha1-jgm/89kSLhM/e4EByPvdAO09Krg=",
      "requires": {
        "follow-redirects": "1.5.10",
        "is-buffer": "^2.0.2"
      }
    },
    "blake2b-wasm": {
      "version": "1.1.7",
      "resolved": "https://registry.npm.taobao.org/blake2b-wasm/download/blake2b-wasm-1.1.7.tgz",
      "integrity": "sha1-5NB12hAGjl1MPsH7mszE0YbFXYE=",
      "requires": {
        "nanoassert": "^1.0.0"
      }
    },
    "bn.js": {
      "version": "4.11.8",
      "resolved": "http://registry.npm.taobao.org/bn.js/download/bn.js-4.11.8.tgz",
      "integrity": "sha1-LN4J617jQfSEdGuwMJsyU7GxRC8="
    },
    "brorand": {
      "version": "1.1.0",
      "resolved": "http://registry.npm.taobao.org/brorand/download/brorand-1.1.0.tgz",
      "integrity": "sha1-EsJe/kCkXjwyPrhnWgoM5XsiNx8="
    },
    "debug": {
      "version": "3.1.0",
      "resolved": "http://registry.npm.taobao.org/debug/download/debug-3.1.0.tgz",
      "integrity": "sha1-W7WgZyYotkFJVmuhaBnmFRjGcmE=",
      "requires": {
        "ms": "2.0.0"
      }
    },
    "elliptic": {
      "version": "6.4.1",
      "resolved": "https://registry.npm.taobao.org/elliptic/download/elliptic-6.4.1.tgz",
      "integrity": "sha1-wtC3d2kRuGcixjLDwGxg8vgZk5o=",
      "requires": {
        "bn.js": "^4.4.0",
        "brorand": "^1.0.1",
        "hash.js": "^1.0.0",
        "hmac-drbg": "^1.0.0",
        "inherits": "^2.0.1",
        "minimalistic-assert": "^1.0.0",
        "minimalistic-crypto-utils": "^1.0.0"
      }
    },
    "follow-redirects": {
      "version": "1.5.10",
      "resolved": "http://registry.npm.taobao.org/follow-redirects/download/follow-redirects-1.5.10.tgz",
      "integrity": "sha1-e3qfmuov3/NnhqlP9kPtB/T/Xio=",
      "requires": {
        "debug": "=3.1.0"
      }
    },
    "hash.js": {
      "version": "1.1.7",
      "resolved": "http://registry.npm.taobao.org/hash.js/download/hash.js-1.1.7.tgz",
      "integrity": "sha1-C6vKU46NTuSg+JiNaIZlN6ADz0I=",
      "requires": {
        "inherits": "^2.0.3",
        "minimalistic-assert": "^1.0.1"
      }
    },
    "hmac-drbg": {
      "version": "1.0.1",
      "resolved": "http://registry.npm.taobao.org/hmac-drbg/download/hmac-drbg-1.0.1.tgz",
      "integrity": "sha1-0nRXAQJabHdabFRXk+1QL8DGSaE=",
      "requires": {
        "hash.js": "^1.0.3",
        "minimalistic-assert": "^1.0.0",
        "minimalistic-crypto-utils": "^1.0.1"
      }
    },
    "inherits": {
      "version": "2.0.4",
      "resolved": "https://registry.npm.taobao.org/inherits/download/inherits-2.0.4.tgz",
      "integrity": "sha1-D6LGT5MpF8NDOg3tVTY6rjdBa3w="
    },
    "is-buffer": {
      "version": "2.0.3",
      "resolved": "http://registry.npm.taobao.org/is-buffer/download/is-buffer-2.0.3.tgz",
      "integrity": "sha1-Ts8/z3ScvR5HJonhCaxmJhol5yU="
    },
    "minimalistic-assert": {
      "version": "1.0.1",
      "resolved": "http://registry.npm.taobao.org/minimalistic-assert/download/minimalistic-assert-1.0.1.tgz",
      "integrity": "sha1-LhlN4ERibUoQ5/f7wAznPoPk1cc="
    },
    "minimalistic-crypto-utils": {
      "version": "1.0.1",
      "resolved": "http://registry.npm.taobao.org/minimalistic-crypto-utils/download/minimalistic-crypto-utils-1.0.1.tgz",
      "integrity": "sha1-9sAMHAsIIkblxNmd+4x8CDsrWCo="
    },
    "ms": {
      "version": "2.0.0",
      "resolved": "https://registry.npm.taobao.org/ms/download/ms-2.0.0.tgz",
      "integrity": "sha1-VgiurfwAvmwpAd9fmGF4jeDVl8g="
    },
    "nanoassert": {
      "version": "1.1.0",
      "resolved": "https://registry.npm.taobao.org/nanoassert/download/nanoassert-1.1.0.tgz",
      "integrity": "sha1-TzFS4JVA/eKMdvRLGbvNHVpCR40="
    }
  }
}
