# THIS IS AN AUTOGENERATED FILE. DO NOT EDIT THIS FILE DIRECTLY.
# yarn lockfile v1


"@nervosnetwork/ckb-sdk-address@0.14.0":
  version "0.14.0"
  resolved "https://registry.yarnpkg.com/@nervosnetwork/ckb-sdk-address/-/ckb-sdk-address-0.14.0.tgz#9a38b1cfed4d36942f0dc01598e8a035af437915"
  integrity sha512-RnThe3ay6qsozh09BIZDMI6VQI02mOF2KT4LGENxxypUNFC4sYqPkrq7KzrNXaowhvSzeAbboeiQF4rxreeanQ==
  dependencies:
    "@nervosnetwork/ckb-sdk-utils" "0.14.0"
    "@nervosnetwork/ckb-types" "0.14.0"

"@nervosnetwork/ckb-sdk-core@^0.14.0":
  version "0.14.0"
  resolved "https://registry.yarnpkg.com/@nervosnetwork/ckb-sdk-core/-/ckb-sdk-core-0.14.0.tgz#25f50c144abd1d1f839807946bc862d594898165"
  integrity sha512-fk2tqWcGqKNYse2f3JXMpxm+QkOfKTsnzQScfi6jcD3DAwFapE5dJj7OXNCjOjLIffHF5+fz86fxQQU4SsWVww==
  dependencies:
    "@nervosnetwork/ckb-sdk-address" "0.14.0"
    "@nervosnetwork/ckb-sdk-rpc" "0.14.0"
    "@nervosnetwork/ckb-sdk-utils" "0.14.0"
    "@nervosnetwork/ckb-types" "0.14.0"

"@nervosnetwork/ckb-sdk-rpc@0.14.0":
  version "0.14.0"
  resolved "https://registry.yarnpkg.com/@nervosnetwork/ckb-sdk-rpc/-/ckb-sdk-rpc-0.14.0.tgz#1f3e00b2fb8c5f3e06d04763a1c5539ef054e59c"
  integrity sha512-bARRQxacqttn2CJw9/HIR6Xd8cxVVbeCWIQM6hdR1tSOWfGQvNAIJXMDsnMqXhCkh2oljGVpWP0I2He/9dn9eA==
  dependencies:
    "@nervosnetwork/ckb-sdk-utils" "0.14.0"
    axios "0.19.0"

"@nervosnetwork/ckb-sdk-utils@0.14.0":
  version "0.14.0"
  resolved "https://registry.yarnpkg.com/@nervosnetwork/ckb-sdk-utils/-/ckb-sdk-utils-0.14.0.tgz#6987c24e6e44d4a344b88d101c40b2e9e2484f9b"
  integrity sha512-x8MZhhk9uqpHF/1GeAUguX79DSM7KqupVct/d9H5ZW2I956nW2WI3e9dPF8TsDAjIIjpWYv6L1FAP270tGMFdg==
  dependencies:
    "@nervosnetwork/ckb-types" "0.14.0"
    blake2b-wasm "1.1.7"
    elliptic "6.4.1"

"@nervosnetwork/ckb-types@0.14.0":
  version "0.14.0"
  resolved "https://registry.yarnpkg.com/@nervosnetwork/ckb-types/-/ckb-types-0.14.0.tgz#3d5ccdbd2d27a1e285128027451fce4bbf6e334a"
  integrity sha512-gO2HfeiCwsNm7kg2fWR5hntM5GJfz/aIIxeU3C69YZi7UM1QvUag0wJnMRRGDpNjxlYcwADoDn4a33xCVm1TBA==

axios@0.19.0:
  version "0.19.0"
  resolved "https://registry.yarnpkg.com/axios/-/axios-0.19.0.tgz#8e09bff3d9122e133f7b8101c8fbdd00ed3d2ab8"
  integrity sha512-1uvKqKQta3KBxIz14F2v06AEHZ/dIoeKfbTRkK1E5oqjDnuEerLmYTgJB5AiQZHJcljpg1TuRzdjDR06qNk0DQ==
  dependencies:
    follow-redirects "1.5.10"
    is-buffer "^2.0.2"

blake2b-wasm@1.1.7, blake2b-wasm@^1.1.7:
  version "1.1.7"
  resolved "https://registry.npm.taobao.org/blake2b-wasm/download/blake2b-wasm-1.1.7.tgz#e4d075da10068e5d4c3ec1fb9accc4d186c55d81"
  integrity sha1-5NB12hAGjl1MPsH7mszE0YbFXYE=
  dependencies:
    nanoassert "^1.0.0"

bn.js@^4.4.0:
  version "4.11.8"
  resolved "https://registry.npm.taobao.org/bn.js/download/bn.js-4.11.8.tgz#2cde09eb5ee341f484746bb0309b3253b1b1442f"
  integrity sha1-LN4J617jQfSEdGuwMJsyU7GxRC8=

brorand@^1.0.1:
  version "1.1.0"
  resolved "https://registry.npm.taobao.org/brorand/download/brorand-1.1.0.tgz#12c25efe40a45e3c323eb8675a0a0ce57b22371f"
  integrity sha1-EsJe/kCkXjwyPrhnWgoM5XsiNx8=

debug@=3.1.0:
  version "3.1.0"
  resolved "https://registry.yarnpkg.com/debug/-/debug-3.1.0.tgz#5bb5a0672628b64149566ba16819e61518c67261"
  integrity sha512-OX8XqP7/1a9cqkxYw2yXss15f26NKWBpDXQd0/uK/KPqdQhxbPa994hnzjcE2VqQpDslf55723cKPUOGSmMY3g==
  dependencies:
    ms "2.0.0"

elliptic@6.4.1:
  version "6.4.1"
  resolved "https://registry.yarnpkg.com/elliptic/-/elliptic-6.4.1.tgz#c2d0b7776911b86722c632c3c06c60f2f819939a"
  integrity sha512-BsXLz5sqX8OHcsh7CqBMztyXARmGQ3LWPtGjJi6DiJHq5C/qvi9P3OqgswKSDftbu8+IoI/QDTAm2fFnQ9SZSQ==
  dependencies:
    bn.js "^4.4.0"
    brorand "^1.0.1"
    hash.js "^1.0.0"
    hmac-drbg "^1.0.0"
    inherits "^2.0.1"
    minimalistic-assert "^1.0.0"
    minimalistic-crypto-utils "^1.0.0"

follow-redirects@1.5.10:
  version "1.5.10"
  resolved "https://registry.yarnpkg.com/follow-redirects/-/follow-redirects-1.5.10.tgz#7b7a9f9aea2fdff36786a94ff643ed07f4ff5e2a"
  integrity sha512-0V5l4Cizzvqt5D44aTXbFZz+FtyXV1vrDN6qrelxtfYQKW0KO0W2T/hkE8xvGa/540LkZlkaUjO4ailYTFtHVQ==
  dependencies:
    debug "=3.1.0"

hash.js@^1.0.0, hash.js@^1.0.3:
  version "1.1.7"
  resolved "https://registry.npm.taobao.org/hash.js/download/hash.js-1.1.7.tgz#0babca538e8d4ee4a0f8988d68866537a003cf42"
  integrity sha1-C6vKU46NTuSg+JiNaIZlN6ADz0I=
  dependencies:
    inherits "^2.0.3"
    minimalistic-assert "^1.0.1"

hmac-drbg@^1.0.0:
  version "1.0.1"
  resolved "https://registry.npm.taobao.org/hmac-drbg/download/hmac-drbg-1.0.1.tgz#d2745701025a6c775a6c545793ed502fc0c649a1"
  integrity sha1-0nRXAQJabHdabFRXk+1QL8DGSaE=
  dependencies:
    hash.js "^1.0.3"
    minimalistic-assert "^1.0.0"
    minimalistic-crypto-utils "^1.0.1"

inherits@^2.0.1, inherits@^2.0.3:
  version "2.0.4"
  resolved "https://registry.npm.taobao.org/inherits/download/inherits-2.0.4.tgz?cache=0&sync_timestamp=1560975547815&other_urls=https%3A%2F%2Fregistry.npm.taobao.org%2Finherits%2Fdownload%2Finherits-2.0.4.tgz#0fa2c64f932917c3433a0ded55363aae37416b7c"
  integrity sha1-D6LGT5MpF8NDOg3tVTY6rjdBa3w=

is-buffer@^2.0.2:
  version "2.0.5"
  resolved "https://registry.yarnpkg.com/is-buffer/-/is-buffer-2.0.5.tgz#ebc252e400d22ff8d77fa09888821a24a658c191"
  integrity sha512-i2R6zNFDwgEHJyQUtJEk0XFi1i0dPFn/oqjK3/vPCcDeJvW5NQ83V8QbicfF1SupOaB0h8ntgBC2YiE7dfyctQ==

minimalistic-assert@^1.0.0, minimalistic-assert@^1.0.1:
  version "1.0.1"
  resolved "https://registry.npm.taobao.org/minimalistic-assert/download/minimalistic-assert-1.0.1.tgz#2e194de044626d4a10e7f7fbc00ce73e83e4d5c7"
  integrity sha1-LhlN4ERibUoQ5/f7wAznPoPk1cc=

minimalistic-crypto-utils@^1.0.0, minimalistic-crypto-utils@^1.0.1:
  version "1.0.1"
  resolved "https://registry.npm.taobao.org/minimalistic-crypto-utils/download/minimalistic-crypto-utils-1.0.1.tgz#f6c00c1c0b082246e5c4d99dfb8c7c083b2b582a"
  integrity sha1-9sAMHAsIIkblxNmd+4x8CDsrWCo=

ms@2.0.0:
  version "2.0.0"
  resolved "https://registry.yarnpkg.com/ms/-/ms-2.0.0.tgz#5608aeadfc00be6c2901df5f9861788de0d597c8"
  integrity sha1-VgiurfwAvmwpAd9fmGF4jeDVl8g=

nanoassert@^1.0.0:
  version "1.1.0"
  resolved "https://registry.npm.taobao.org/nanoassert/download/nanoassert-1.1.0.tgz#4f3152e09540fde28c76f44b19bbcd1d5a42478d"
  integrity sha1-TzFS4JVA/eKMdvRLGbvNHVpCR40=
